
Microsoft Visual Studio Solution File, Format Version 12.00
# Visual Studio 15
VisualStudioVersion = 15.0.28307.757
MinimumVisualStudioVersion = 10.0.40219.1
Project("{FAE04EC0-301F-11D3-BF4B-00C04F79EFBC}") = "Aula16.CRUD", "Aula16.CRUD\Aula16.CRUD.csproj", "{BDD8401F-2F0C-46A5-A95C-D5C5A47E9473}"
EndProject
Global
	GlobalSection(SolutionConfigurationPlatforms) = preSolution
		Debug|Any CPU = Debug|Any CPU
		Release|Any CPU = Release|Any CPU
	EndGlobalSection
	GlobalSection(ProjectConfigurationPlatforms) = postSolution
		{BDD8401F-2F0C-46A5-A95C-D5C5A47E9473}.Debug|Any CPU.ActiveCfg = Debug|Any CPU
		{BDD8401F-2F0C-46A5-A95C-D5C5A47E9473}.Debug|Any CPU.Build.0 = Debug|Any CPU
		{BDD8401F-2F0C-46A5-A95C-D5C5A47E9473}.Release|Any CPU.ActiveCfg = Release|Any CPU
		{BDD8401F-2F0C-46A5-A95C-D5C5A47E9473}.Release|Any CPU.Build.0 = Release|Any CPU
	EndGlobalSection
	GlobalSection(SolutionProperties) = preSolution
		HideSolutionNode = FALSE
	EndGlobalSection
	GlobalSection(ExtensibilityGlobals) = postSolution
		SolutionGuid = {70C08977-DEB9-404C-863D-4ACCFD524AE7}
	EndGlobalSection
EndGlobal
