
Microsoft Visual Studio Solution File, Format Version 12.00
# Visual Studio 15
VisualStudioVersion = 15.0.28307.645
MinimumVisualStudioVersion = 10.0.40219.1
Project("{FAE04EC0-301F-11D3-BF4B-00C04F79EFBC}") = "Treinamento3.Switch", "Treinamento3.Switch\Treinamento3.Switch.csproj", "{31EFE172-16F0-4915-ABC1-07E590AE4245}"
EndProject
Global
	GlobalSection(SolutionConfigurationPlatforms) = preSolution
		Debug|Any CPU = Debug|Any CPU
		Release|Any CPU = Release|Any CPU
	EndGlobalSection
	GlobalSection(ProjectConfigurationPlatforms) = postSolution
		{31EFE172-16F0-4915-ABC1-07E590AE4245}.Debug|Any CPU.ActiveCfg = Debug|Any CPU
		{31EFE172-16F0-4915-ABC1-07E590AE4245}.Debug|Any CPU.Build.0 = Debug|Any CPU
		{31EFE172-16F0-4915-ABC1-07E590AE4245}.Release|Any CPU.ActiveCfg = Release|Any CPU
		{31EFE172-16F0-4915-ABC1-07E590AE4245}.Release|Any CPU.Build.0 = Release|Any CPU
	EndGlobalSection
	GlobalSection(SolutionProperties) = preSolution
		HideSolutionNode = FALSE
	EndGlobalSection
	GlobalSection(ExtensibilityGlobals) = postSolution
		SolutionGuid = {ADF4159F-C8D8-44FC-8DAE-6C668BF18FD9}
	EndGlobalSection
EndGlobal
