
Microsoft Visual Studio Solution File, Format Version 12.00
# Visual Studio 15
VisualStudioVersion = 15.0.28307.645
MinimumVisualStudioVersion = 10.0.40219.1
Project("{FAE04EC0-301F-11D3-BF4B-00C04F79EFBC}") = "Aula05.Ativ02", "Aula05.Ativ02\Aula05.Ativ02.csproj", "{736B4B5F-5F34-4B4C-B2E5-D0F30F89CC26}"
EndProject
Global
	GlobalSection(SolutionConfigurationPlatforms) = preSolution
		Debug|Any CPU = Debug|Any CPU
		Release|Any CPU = Release|Any CPU
	EndGlobalSection
	GlobalSection(ProjectConfigurationPlatforms) = postSolution
		{736B4B5F-5F34-4B4C-B2E5-D0F30F89CC26}.Debug|Any CPU.ActiveCfg = Debug|Any CPU
		{736B4B5F-5F34-4B4C-B2E5-D0F30F89CC26}.Debug|Any CPU.Build.0 = Debug|Any CPU
		{736B4B5F-5F34-4B4C-B2E5-D0F30F89CC26}.Release|Any CPU.ActiveCfg = Release|Any CPU
		{736B4B5F-5F34-4B4C-B2E5-D0F30F89CC26}.Release|Any CPU.Build.0 = Release|Any CPU
	EndGlobalSection
	GlobalSection(SolutionProperties) = preSolution
		HideSolutionNode = FALSE
	EndGlobalSection
	GlobalSection(ExtensibilityGlobals) = postSolution
		SolutionGuid = {5B60C51C-64B8-4170-8D18-CF063A8382EA}
	EndGlobalSection
EndGlobal
