
Microsoft Visual Studio Solution File, Format Version 12.00
# Visual Studio 15
VisualStudioVersion = 15.0.28307.705
MinimumVisualStudioVersion = 10.0.40219.1
Project("{FAE04EC0-301F-11D3-BF4B-00C04F79EFBC}") = "Treinamento6.Array1", "Treinamento6.Array1\Treinamento6.Array1.csproj", "{DB6DBECD-EF3D-4F64-8CBC-97DD0CEC2DD5}"
EndProject
Global
	GlobalSection(SolutionConfigurationPlatforms) = preSolution
		Debug|Any CPU = Debug|Any CPU
		Release|Any CPU = Release|Any CPU
	EndGlobalSection
	GlobalSection(ProjectConfigurationPlatforms) = postSolution
		{DB6DBECD-EF3D-4F64-8CBC-97DD0CEC2DD5}.Debug|Any CPU.ActiveCfg = Debug|Any CPU
		{DB6DBECD-EF3D-4F64-8CBC-97DD0CEC2DD5}.Debug|Any CPU.Build.0 = Debug|Any CPU
		{DB6DBECD-EF3D-4F64-8CBC-97DD0CEC2DD5}.Release|Any CPU.ActiveCfg = Release|Any CPU
		{DB6DBECD-EF3D-4F64-8CBC-97DD0CEC2DD5}.Release|Any CPU.Build.0 = Release|Any CPU
	EndGlobalSection
	GlobalSection(SolutionProperties) = preSolution
		HideSolutionNode = FALSE
	EndGlobalSection
	GlobalSection(ExtensibilityGlobals) = postSolution
		SolutionGuid = {767344CD-872B-40AE-B106-1505DC19651B}
	EndGlobalSection
EndGlobal
