
Microsoft Visual Studio Solution File, Format Version 12.00
# Visual Studio 15
VisualStudioVersion = 15.0.28307.705
MinimumVisualStudioVersion = 10.0.40219.1
Project("{FAE04EC0-301F-11D3-BF4B-00C04F79EFBC}") = "Aula13.Heranca", "Aula13.Heranca\Aula13.Heranca.csproj", "{E8C2A25E-C958-448E-AA6D-858EC6A60E0F}"
EndProject
Global
	GlobalSection(SolutionConfigurationPlatforms) = preSolution
		Debug|Any CPU = Debug|Any CPU
		Release|Any CPU = Release|Any CPU
	EndGlobalSection
	GlobalSection(ProjectConfigurationPlatforms) = postSolution
		{E8C2A25E-C958-448E-AA6D-858EC6A60E0F}.Debug|Any CPU.ActiveCfg = Debug|Any CPU
		{E8C2A25E-C958-448E-AA6D-858EC6A60E0F}.Debug|Any CPU.Build.0 = Debug|Any CPU
		{E8C2A25E-C958-448E-AA6D-858EC6A60E0F}.Release|Any CPU.ActiveCfg = Release|Any CPU
		{E8C2A25E-C958-448E-AA6D-858EC6A60E0F}.Release|Any CPU.Build.0 = Release|Any CPU
	EndGlobalSection
	GlobalSection(SolutionProperties) = preSolution
		HideSolutionNode = FALSE
	EndGlobalSection
	GlobalSection(ExtensibilityGlobals) = postSolution
		SolutionGuid = {B70D1AD5-B800-4245-B303-D1A9286856A1}
	EndGlobalSection
EndGlobal
