
Microsoft Visual Studio Solution File, Format Version 12.00
# Visual Studio 15
VisualStudioVersion = 15.0.28307.645
MinimumVisualStudioVersion = 10.0.40219.1
Project("{FAE04EC0-301F-11D3-BF4B-00C04F79EFBC}") = "Aula08.AtividadeCalculadora", "Aula08.AtividadeCalculadora\Aula08.AtividadeCalculadora.csproj", "{43ADEA7D-9286-4562-A853-F0F426D903AA}"
EndProject
Global
	GlobalSection(SolutionConfigurationPlatforms) = preSolution
		Debug|Any CPU = Debug|Any CPU
		Release|Any CPU = Release|Any CPU
	EndGlobalSection
	GlobalSection(ProjectConfigurationPlatforms) = postSolution
		{43ADEA7D-9286-4562-A853-F0F426D903AA}.Debug|Any CPU.ActiveCfg = Debug|Any CPU
		{43ADEA7D-9286-4562-A853-F0F426D903AA}.Debug|Any CPU.Build.0 = Debug|Any CPU
		{43ADEA7D-9286-4562-A853-F0F426D903AA}.Release|Any CPU.ActiveCfg = Release|Any CPU
		{43ADEA7D-9286-4562-A853-F0F426D903AA}.Release|Any CPU.Build.0 = Release|Any CPU
	EndGlobalSection
	GlobalSection(SolutionProperties) = preSolution
		HideSolutionNode = FALSE
	EndGlobalSection
	GlobalSection(ExtensibilityGlobals) = postSolution
		SolutionGuid = {473FD254-D7FD-4CD6-A8C5-EE5CDBD5C497}
	EndGlobalSection
EndGlobal
